
Microsoft Visual Studio Solution File, Format Version 12.00
# Visual Studio 15
VisualStudioVersion = 15.0.26730.16
MinimumVisualStudioVersion = 10.0.40219.1
Project("{FAE04EC0-301F-11D3-BF4B-00C04F79EFBC}") = "Dojo", "Dojo\Dojo.csproj", "{CF510E3A-E2FB-4854-9995-AE2C8D95FD00}"
EndProject
Global
	GlobalSection(SolutionConfigurationPlatforms) = preSolution
		Debug|Any CPU = Debug|Any CPU
		Release|Any CPU = Release|Any CPU
	EndGlobalSection
	GlobalSection(ProjectConfigurationPlatforms) = postSolution
		{CF510E3A-E2FB-4854-9995-AE2C8D95FD00}.Debug|Any CPU.ActiveCfg = Debug|Any CPU
		{CF510E3A-E2FB-4854-9995-AE2C8D95FD00}.Debug|Any CPU.Build.0 = Debug|Any CPU
		{CF510E3A-E2FB-4854-9995-AE2C8D95FD00}.Release|Any CPU.ActiveCfg = Release|Any CPU
		{CF510E3A-E2FB-4854-9995-AE2C8D95FD00}.Release|Any CPU.Build.0 = Release|Any CPU
	EndGlobalSection
	GlobalSection(SolutionProperties) = preSolution
		HideSolutionNode = FALSE
	EndGlobalSection
	GlobalSection(ExtensibilityGlobals) = postSolution
		SolutionGuid = {C192B3A3-4A29-49D3-AF01-178D10DBA0D2}
	EndGlobalSection
EndGlobal
